
Microsoft Visual Studio Solution File, Format Version 12.00
# Visual Studio Version 16
VisualStudioVersion = 16.0.30503.244
MinimumVisualStudioVersion = 10.0.40219.1
Project("{8BC9CEB8-8B4A-11D0-8D11-00A0C91BC942}") = "NET_algorithm_study", "NET_algorithm_study\NET_algorithm_study.vcxproj", "{75AA4B5C-16FF-4999-8414-77750279EB90}"
EndProject
Project("{8BC9CEB8-8B4A-11D0-8D11-00A0C91BC942}") = "6 탑욕법", "6\6.vcxproj", "{D0B240BD-10B6-4059-9D25-608451AE7270}"
EndProject
Project("{8BC9CEB8-8B4A-11D0-8D11-00A0C91BC942}") = "7 분할정복", "7\7.vcxproj", "{10A85F3F-C387-4E44-96E4-0E847DCAF2DA}"
EndProject
Project("{8BC9CEB8-8B4A-11D0-8D11-00A0C91BC942}") = "8 디피", "8\8.vcxproj", "{6A0AC66E-7D7B-476A-B561-7074B241AB6E}"
EndProject
Project("{8BC9CEB8-8B4A-11D0-8D11-00A0C91BC942}") = "10 greedy", "10 greedy\10 greedy.vcxproj", "{5CD620B9-43BC-43E6-BBFD-C47F6DB0C242}"
EndProject
Project("{8BC9CEB8-8B4A-11D0-8D11-00A0C91BC942}") = "18 list vector", "18 list vector\18 list vector.vcxproj", "{B7E976A5-004A-49E7-841D-522DE05C4202}"
EndProject
Project("{8BC9CEB8-8B4A-11D0-8D11-00A0C91BC942}") = "21 tree", "21 tree\21 tree.vcxproj", "{D68C7102-2540-4A78-A6B4-38ED8DDDDED9}"
EndProject
Project("{888888A0-9F3D-457C-B088-3A5042F75D52}") = "PythonResolving", "PythonResolving\PythonResolving.pyproj", "{777F4840-1A29-4F82-BB7F-9FD33507951A}"
EndProject
Project("{8BC9CEB8-8B4A-11D0-8D11-00A0C91BC942}") = "삼성테스트", "삼성테스트\삼성테스트.vcxproj", "{45388E71-A7EA-4395-8810-1867CD77E178}"
EndProject
Project("{8BC9CEB8-8B4A-11D0-8D11-00A0C91BC942}") = "23 우선순위큐와 힙", "23 우선순위큐와 힙\23 우선순위큐와 힙.vcxproj", "{FF37EB50-8F78-465B-88DE-BD0B618ABCC0}"
EndProject
Project("{8BC9CEB8-8B4A-11D0-8D11-00A0C91BC942}") = "27 그래프", "27 그래프\27 그래프.vcxproj", "{B1685EB8-9451-42C5-99C3-F6D4FCB4930E}"
EndProject
Project("{8BC9CEB8-8B4A-11D0-8D11-00A0C91BC942}") = "28 오일러서킷", "28 dfs\28 dfs.vcxproj", "{37A4A660-7E8E-458F-AFEF-75A6FEBCE3AF}"
EndProject
Project("{8BC9CEB8-8B4A-11D0-8D11-00A0C91BC942}") = "29 bfs", "29 bfs\29 bfs.vcxproj", "{8DC0042D-18F6-485A-8598-CDB656D2BA40}"
EndProject
Project("{8BC9CEB8-8B4A-11D0-8D11-00A0C91BC942}") = "30 Djikstra", "30 Djikstra\30 Djikstra.vcxproj", "{1915DEF1-1BAC-422D-A3A4-C83131E3FDE4}"
EndProject
Global
	GlobalSection(SolutionConfigurationPlatforms) = preSolution
		Debug|Any CPU = Debug|Any CPU
		Debug|x64 = Debug|x64
		Debug|x86 = Debug|x86
		Release|Any CPU = Release|Any CPU
		Release|x64 = Release|x64
		Release|x86 = Release|x86
	EndGlobalSection
	GlobalSection(ProjectConfigurationPlatforms) = postSolution
		{75AA4B5C-16FF-4999-8414-77750279EB90}.Debug|Any CPU.ActiveCfg = Debug|Win32
		{75AA4B5C-16FF-4999-8414-77750279EB90}.Debug|x64.ActiveCfg = Debug|x64
		{75AA4B5C-16FF-4999-8414-77750279EB90}.Debug|x64.Build.0 = Debug|x64
		{75AA4B5C-16FF-4999-8414-77750279EB90}.Debug|x86.ActiveCfg = Debug|Win32
		{75AA4B5C-16FF-4999-8414-77750279EB90}.Debug|x86.Build.0 = Debug|Win32
		{75AA4B5C-16FF-4999-8414-77750279EB90}.Release|Any CPU.ActiveCfg = Release|Win32
		{75AA4B5C-16FF-4999-8414-77750279EB90}.Release|x64.ActiveCfg = Release|x64
		{75AA4B5C-16FF-4999-8414-77750279EB90}.Release|x64.Build.0 = Release|x64
		{75AA4B5C-16FF-4999-8414-77750279EB90}.Release|x86.ActiveCfg = Release|Win32
		{75AA4B5C-16FF-4999-8414-77750279EB90}.Release|x86.Build.0 = Release|Win32
		{D0B240BD-10B6-4059-9D25-608451AE7270}.Debug|Any CPU.ActiveCfg = Debug|Win32
		{D0B240BD-10B6-4059-9D25-608451AE7270}.Debug|x64.ActiveCfg = Debug|x64
		{D0B240BD-10B6-4059-9D25-608451AE7270}.Debug|x64.Build.0 = Debug|x64
		{D0B240BD-10B6-4059-9D25-608451AE7270}.Debug|x86.ActiveCfg = Debug|Win32
		{D0B240BD-10B6-4059-9D25-608451AE7270}.Debug|x86.Build.0 = Debug|Win32
		{D0B240BD-10B6-4059-9D25-608451AE7270}.Release|Any CPU.ActiveCfg = Release|Win32
		{D0B240BD-10B6-4059-9D25-608451AE7270}.Release|x64.ActiveCfg = Release|x64
		{D0B240BD-10B6-4059-9D25-608451AE7270}.Release|x64.Build.0 = Release|x64
		{D0B240BD-10B6-4059-9D25-608451AE7270}.Release|x86.ActiveCfg = Release|Win32
		{D0B240BD-10B6-4059-9D25-608451AE7270}.Release|x86.Build.0 = Release|Win32
		{10A85F3F-C387-4E44-96E4-0E847DCAF2DA}.Debug|Any CPU.ActiveCfg = Debug|Win32
		{10A85F3F-C387-4E44-96E4-0E847DCAF2DA}.Debug|x64.ActiveCfg = Debug|x64
		{10A85F3F-C387-4E44-96E4-0E847DCAF2DA}.Debug|x64.Build.0 = Debug|x64
		{10A85F3F-C387-4E44-96E4-0E847DCAF2DA}.Debug|x86.ActiveCfg = Debug|Win32
		{10A85F3F-C387-4E44-96E4-0E847DCAF2DA}.Debug|x86.Build.0 = Debug|Win32
		{10A85F3F-C387-4E44-96E4-0E847DCAF2DA}.Release|Any CPU.ActiveCfg = Release|Win32
		{10A85F3F-C387-4E44-96E4-0E847DCAF2DA}.Release|x64.ActiveCfg = Release|x64
		{10A85F3F-C387-4E44-96E4-0E847DCAF2DA}.Release|x64.Build.0 = Release|x64
		{10A85F3F-C387-4E44-96E4-0E847DCAF2DA}.Release|x86.ActiveCfg = Release|Win32
		{10A85F3F-C387-4E44-96E4-0E847DCAF2DA}.Release|x86.Build.0 = Release|Win32
		{6A0AC66E-7D7B-476A-B561-7074B241AB6E}.Debug|Any CPU.ActiveCfg = Debug|Win32
		{6A0AC66E-7D7B-476A-B561-7074B241AB6E}.Debug|x64.ActiveCfg = Debug|x64
		{6A0AC66E-7D7B-476A-B561-7074B241AB6E}.Debug|x64.Build.0 = Debug|x64
		{6A0AC66E-7D7B-476A-B561-7074B241AB6E}.Debug|x86.ActiveCfg = Debug|Win32
		{6A0AC66E-7D7B-476A-B561-7074B241AB6E}.Debug|x86.Build.0 = Debug|Win32
		{6A0AC66E-7D7B-476A-B561-7074B241AB6E}.Release|Any CPU.ActiveCfg = Release|Win32
		{6A0AC66E-7D7B-476A-B561-7074B241AB6E}.Release|x64.ActiveCfg = Release|x64
		{6A0AC66E-7D7B-476A-B561-7074B241AB6E}.Release|x64.Build.0 = Release|x64
		{6A0AC66E-7D7B-476A-B561-7074B241AB6E}.Release|x86.ActiveCfg = Release|Win32
		{6A0AC66E-7D7B-476A-B561-7074B241AB6E}.Release|x86.Build.0 = Release|Win32
		{5CD620B9-43BC-43E6-BBFD-C47F6DB0C242}.Debug|Any CPU.ActiveCfg = Debug|Win32
		{5CD620B9-43BC-43E6-BBFD-C47F6DB0C242}.Debug|x64.ActiveCfg = Debug|x64
		{5CD620B9-43BC-43E6-BBFD-C47F6DB0C242}.Debug|x64.Build.0 = Debug|x64
		{5CD620B9-43BC-43E6-BBFD-C47F6DB0C242}.Debug|x86.ActiveCfg = Debug|Win32
		{5CD620B9-43BC-43E6-BBFD-C47F6DB0C242}.Debug|x86.Build.0 = Debug|Win32
		{5CD620B9-43BC-43E6-BBFD-C47F6DB0C242}.Release|Any CPU.ActiveCfg = Release|Win32
		{5CD620B9-43BC-43E6-BBFD-C47F6DB0C242}.Release|x64.ActiveCfg = Release|x64
		{5CD620B9-43BC-43E6-BBFD-C47F6DB0C242}.Release|x64.Build.0 = Release|x64
		{5CD620B9-43BC-43E6-BBFD-C47F6DB0C242}.Release|x86.ActiveCfg = Release|Win32
		{5CD620B9-43BC-43E6-BBFD-C47F6DB0C242}.Release|x86.Build.0 = Release|Win32
		{B7E976A5-004A-49E7-841D-522DE05C4202}.Debug|Any CPU.ActiveCfg = Debug|Win32
		{B7E976A5-004A-49E7-841D-522DE05C4202}.Debug|x64.ActiveCfg = Debug|x64
		{B7E976A5-004A-49E7-841D-522DE05C4202}.Debug|x64.Build.0 = Debug|x64
		{B7E976A5-004A-49E7-841D-522DE05C4202}.Debug|x86.ActiveCfg = Debug|Win32
		{B7E976A5-004A-49E7-841D-522DE05C4202}.Debug|x86.Build.0 = Debug|Win32
		{B7E976A5-004A-49E7-841D-522DE05C4202}.Release|Any CPU.ActiveCfg = Release|Win32
		{B7E976A5-004A-49E7-841D-522DE05C4202}.Release|x64.ActiveCfg = Release|x64
		{B7E976A5-004A-49E7-841D-522DE05C4202}.Release|x64.Build.0 = Release|x64
		{B7E976A5-004A-49E7-841D-522DE05C4202}.Release|x86.ActiveCfg = Release|Win32
		{B7E976A5-004A-49E7-841D-522DE05C4202}.Release|x86.Build.0 = Release|Win32
		{D68C7102-2540-4A78-A6B4-38ED8DDDDED9}.Debug|Any CPU.ActiveCfg = Debug|Win32
		{D68C7102-2540-4A78-A6B4-38ED8DDDDED9}.Debug|x64.ActiveCfg = Debug|x64
		{D68C7102-2540-4A78-A6B4-38ED8DDDDED9}.Debug|x64.Build.0 = Debug|x64
		{D68C7102-2540-4A78-A6B4-38ED8DDDDED9}.Debug|x86.ActiveCfg = Debug|Win32
		{D68C7102-2540-4A78-A6B4-38ED8DDDDED9}.Debug|x86.Build.0 = Debug|Win32
		{D68C7102-2540-4A78-A6B4-38ED8DDDDED9}.Release|Any CPU.ActiveCfg = Release|Win32
		{D68C7102-2540-4A78-A6B4-38ED8DDDDED9}.Release|x64.ActiveCfg = Release|x64
		{D68C7102-2540-4A78-A6B4-38ED8DDDDED9}.Release|x64.Build.0 = Release|x64
		{D68C7102-2540-4A78-A6B4-38ED8DDDDED9}.Release|x86.ActiveCfg = Release|Win32
		{D68C7102-2540-4A78-A6B4-38ED8DDDDED9}.Release|x86.Build.0 = Release|Win32
		{777F4840-1A29-4F82-BB7F-9FD33507951A}.Debug|Any CPU.ActiveCfg = Debug|Any CPU
		{777F4840-1A29-4F82-BB7F-9FD33507951A}.Debug|x64.ActiveCfg = Debug|Any CPU
		{777F4840-1A29-4F82-BB7F-9FD33507951A}.Debug|x86.ActiveCfg = Debug|Any CPU
		{777F4840-1A29-4F82-BB7F-9FD33507951A}.Release|Any CPU.ActiveCfg = Release|Any CPU
		{777F4840-1A29-4F82-BB7F-9FD33507951A}.Release|x64.ActiveCfg = Release|Any CPU
		{777F4840-1A29-4F82-BB7F-9FD33507951A}.Release|x86.ActiveCfg = Release|Any CPU
		{45388E71-A7EA-4395-8810-1867CD77E178}.Debug|Any CPU.ActiveCfg = Debug|Win32
		{45388E71-A7EA-4395-8810-1867CD77E178}.Debug|x64.ActiveCfg = Debug|x64
		{45388E71-A7EA-4395-8810-1867CD77E178}.Debug|x64.Build.0 = Debug|x64
		{45388E71-A7EA-4395-8810-1867CD77E178}.Debug|x86.ActiveCfg = Debug|Win32
		{45388E71-A7EA-4395-8810-1867CD77E178}.Debug|x86.Build.0 = Debug|Win32
		{45388E71-A7EA-4395-8810-1867CD77E178}.Release|Any CPU.ActiveCfg = Release|Win32
		{45388E71-A7EA-4395-8810-1867CD77E178}.Release|x64.ActiveCfg = Release|x64
		{45388E71-A7EA-4395-8810-1867CD77E178}.Release|x64.Build.0 = Release|x64
		{45388E71-A7EA-4395-8810-1867CD77E178}.Release|x86.ActiveCfg = Release|Win32
		{45388E71-A7EA-4395-8810-1867CD77E178}.Release|x86.Build.0 = Release|Win32
		{FF37EB50-8F78-465B-88DE-BD0B618ABCC0}.Debug|Any CPU.ActiveCfg = Debug|Win32
		{FF37EB50-8F78-465B-88DE-BD0B618ABCC0}.Debug|x64.ActiveCfg = Debug|x64
		{FF37EB50-8F78-465B-88DE-BD0B618ABCC0}.Debug|x64.Build.0 = Debug|x64
		{FF37EB50-8F78-465B-88DE-BD0B618ABCC0}.Debug|x86.ActiveCfg = Debug|Win32
		{FF37EB50-8F78-465B-88DE-BD0B618ABCC0}.Debug|x86.Build.0 = Debug|Win32
		{FF37EB50-8F78-465B-88DE-BD0B618ABCC0}.Release|Any CPU.ActiveCfg = Release|Win32
		{FF37EB50-8F78-465B-88DE-BD0B618ABCC0}.Release|x64.ActiveCfg = Release|x64
		{FF37EB50-8F78-465B-88DE-BD0B618ABCC0}.Release|x64.Build.0 = Release|x64
		{FF37EB50-8F78-465B-88DE-BD0B618ABCC0}.Release|x86.ActiveCfg = Release|Win32
		{FF37EB50-8F78-465B-88DE-BD0B618ABCC0}.Release|x86.Build.0 = Release|Win32
		{B1685EB8-9451-42C5-99C3-F6D4FCB4930E}.Debug|Any CPU.ActiveCfg = Debug|Win32
		{B1685EB8-9451-42C5-99C3-F6D4FCB4930E}.Debug|x64.ActiveCfg = Debug|x64
		{B1685EB8-9451-42C5-99C3-F6D4FCB4930E}.Debug|x64.Build.0 = Debug|x64
		{B1685EB8-9451-42C5-99C3-F6D4FCB4930E}.Debug|x86.ActiveCfg = Debug|Win32
		{B1685EB8-9451-42C5-99C3-F6D4FCB4930E}.Debug|x86.Build.0 = Debug|Win32
		{B1685EB8-9451-42C5-99C3-F6D4FCB4930E}.Release|Any CPU.ActiveCfg = Release|Win32
		{B1685EB8-9451-42C5-99C3-F6D4FCB4930E}.Release|x64.ActiveCfg = Release|x64
		{B1685EB8-9451-42C5-99C3-F6D4FCB4930E}.Release|x64.Build.0 = Release|x64
		{B1685EB8-9451-42C5-99C3-F6D4FCB4930E}.Release|x86.ActiveCfg = Release|Win32
		{B1685EB8-9451-42C5-99C3-F6D4FCB4930E}.Release|x86.Build.0 = Release|Win32
		{37A4A660-7E8E-458F-AFEF-75A6FEBCE3AF}.Debug|Any CPU.ActiveCfg = Debug|Win32
		{37A4A660-7E8E-458F-AFEF-75A6FEBCE3AF}.Debug|x64.ActiveCfg = Debug|x64
		{37A4A660-7E8E-458F-AFEF-75A6FEBCE3AF}.Debug|x64.Build.0 = Debug|x64
		{37A4A660-7E8E-458F-AFEF-75A6FEBCE3AF}.Debug|x86.ActiveCfg = Debug|Win32
		{37A4A660-7E8E-458F-AFEF-75A6FEBCE3AF}.Debug|x86.Build.0 = Debug|Win32
		{37A4A660-7E8E-458F-AFEF-75A6FEBCE3AF}.Release|Any CPU.ActiveCfg = Release|Win32
		{37A4A660-7E8E-458F-AFEF-75A6FEBCE3AF}.Release|x64.ActiveCfg = Release|x64
		{37A4A660-7E8E-458F-AFEF-75A6FEBCE3AF}.Release|x64.Build.0 = Release|x64
		{37A4A660-7E8E-458F-AFEF-75A6FEBCE3AF}.Release|x86.ActiveCfg = Release|Win32
		{37A4A660-7E8E-458F-AFEF-75A6FEBCE3AF}.Release|x86.Build.0 = Release|Win32
		{8DC0042D-18F6-485A-8598-CDB656D2BA40}.Debug|Any CPU.ActiveCfg = Debug|Win32
		{8DC0042D-18F6-485A-8598-CDB656D2BA40}.Debug|x64.ActiveCfg = Debug|x64
		{8DC0042D-18F6-485A-8598-CDB656D2BA40}.Debug|x64.Build.0 = Debug|x64
		{8DC0042D-18F6-485A-8598-CDB656D2BA40}.Debug|x86.ActiveCfg = Debug|Win32
		{8DC0042D-18F6-485A-8598-CDB656D2BA40}.Debug|x86.Build.0 = Debug|Win32
		{8DC0042D-18F6-485A-8598-CDB656D2BA40}.Release|Any CPU.ActiveCfg = Release|Win32
		{8DC0042D-18F6-485A-8598-CDB656D2BA40}.Release|x64.ActiveCfg = Release|x64
		{8DC0042D-18F6-485A-8598-CDB656D2BA40}.Release|x64.Build.0 = Release|x64
		{8DC0042D-18F6-485A-8598-CDB656D2BA40}.Release|x86.ActiveCfg = Release|Win32
		{8DC0042D-18F6-485A-8598-CDB656D2BA40}.Release|x86.Build.0 = Release|Win32
		{1915DEF1-1BAC-422D-A3A4-C83131E3FDE4}.Debug|Any CPU.ActiveCfg = Debug|Win32
		{1915DEF1-1BAC-422D-A3A4-C83131E3FDE4}.Debug|x64.ActiveCfg = Debug|x64
		{1915DEF1-1BAC-422D-A3A4-C83131E3FDE4}.Debug|x64.Build.0 = Debug|x64
		{1915DEF1-1BAC-422D-A3A4-C83131E3FDE4}.Debug|x86.ActiveCfg = Debug|Win32
		{1915DEF1-1BAC-422D-A3A4-C83131E3FDE4}.Debug|x86.Build.0 = Debug|Win32
		{1915DEF1-1BAC-422D-A3A4-C83131E3FDE4}.Release|Any CPU.ActiveCfg = Release|Win32
		{1915DEF1-1BAC-422D-A3A4-C83131E3FDE4}.Release|x64.ActiveCfg = Release|x64
		{1915DEF1-1BAC-422D-A3A4-C83131E3FDE4}.Release|x64.Build.0 = Release|x64
		{1915DEF1-1BAC-422D-A3A4-C83131E3FDE4}.Release|x86.ActiveCfg = Release|Win32
		{1915DEF1-1BAC-422D-A3A4-C83131E3FDE4}.Release|x86.Build.0 = Release|Win32
	EndGlobalSection
	GlobalSection(SolutionProperties) = preSolution
		HideSolutionNode = FALSE
	EndGlobalSection
	GlobalSection(ExtensibilityGlobals) = postSolution
		SolutionGuid = {FAF19071-8D57-4EAD-A949-E5596D123469}
	EndGlobalSection
EndGlobal
